{
  "name": "@vite/vuepress-plugin-mathjax",
  "version": "1.0.0",
  "lockfileVersion": 1,
  "requires": true,
  "dependencies": {
    "esm": {
      "version": "3.0.84",
      "resolved": "https://registry.npmjs.org/esm/-/esm-3.0.84.tgz",
      "integrity": "sha512-SzSGoZc17S7P+12R9cg21Bdb7eybX25RnIeRZ80xZs+VZ3kdQKzqTp2k4hZJjR7p9l0186TTXSgrxzlMDBktlw=="
    },
    "markdown-it-mathjax-chtml": {
      "version": "0.1.0",
      "resolved": "https://registry.npmjs.org/markdown-it-mathjax-chtml/-/markdown-it-mathjax-chtml-0.1.0.tgz",
      "integrity": "sha512-CEzO6zF3TOsEwEaCPvFer62uxN3NWK2vid3/0YoDEWi9O0/3gAmrKsIrjz0qdheOVZFnIwwvydJnN36HsukVgw==",
      "requires": {
        "mathjax3": "3.0.0-beta.2"
      }
    },
    "mathjax3": {
      "version": "3.0.0-beta.2",
      "resolved": "https://registry.npmjs.org/mathjax3/-/mathjax3-3.0.0-beta.2.tgz",
      "integrity": "sha512-xBr1MxP2JKQxGmrCafxVmEb5akQOB7mHQ44rHD5FrpCTpdb4x7xsxwIoGblleel5gOFRJSAwpRe08Azyx1VQgQ==",
      "requires": {
        "esm": "3.0.84"
      }
    }
  }
}
